
Microsoft Visual Studio Solution File, Format Version 12.00
# Visual Studio 15
VisualStudioVersion = 15.0.28307.1022
MinimumVisualStudioVersion = 10.0.40219.1
Project("{8BC9CEB8-8B4A-11D0-8D11-00A0C91BC942}") = "HackTool", "HackTool\HackTool.vcxproj", "{5A414A6B-DC24-49DC-ACF7-F13BBFCB7D8C}"
EndProject
Project("{8BC9CEB8-8B4A-11D0-8D11-00A0C91BC942}") = "MyHookDll", "MyHookDll\MyHookDll.vcxproj", "{930494C2-D068-4763-9BC4-51F3AAC5A492}"
EndProject
Project("{8BC9CEB8-8B4A-11D0-8D11-00A0C91BC942}") = "RemoteThreadDll", "RemoteThreadDll\RemoteThreadDll.vcxproj", "{67B1CB8D-DEBB-476A-BB9E-BC812496E74F}"
EndProject
Project("{8BC9CEB8-8B4A-11D0-8D11-00A0C91BC942}") = "ServiceTest", "ServiceTest\ServiceTest.vcxproj", "{E7C3ABA0-3369-4AA4-93B1-ED4A0AF10169}"
EndProject
Global
	GlobalSection(SolutionConfigurationPlatforms) = preSolution
		Debug|x64 = Debug|x64
		Debug|x86 = Debug|x86
		Release|x64 = Release|x64
		Release|x86 = Release|x86
	EndGlobalSection
	GlobalSection(ProjectConfigurationPlatforms) = postSolution
		{5A414A6B-DC24-49DC-ACF7-F13BBFCB7D8C}.Debug|x64.ActiveCfg = Debug|x64
		{5A414A6B-DC24-49DC-ACF7-F13BBFCB7D8C}.Debug|x64.Build.0 = Debug|x64
		{5A414A6B-DC24-49DC-ACF7-F13BBFCB7D8C}.Debug|x86.ActiveCfg = Debug|Win32
		{5A414A6B-DC24-49DC-ACF7-F13BBFCB7D8C}.Debug|x86.Build.0 = Debug|Win32
		{5A414A6B-DC24-49DC-ACF7-F13BBFCB7D8C}.Release|x64.ActiveCfg = Release|x64
		{5A414A6B-DC24-49DC-ACF7-F13BBFCB7D8C}.Release|x64.Build.0 = Release|x64
		{5A414A6B-DC24-49DC-ACF7-F13BBFCB7D8C}.Release|x86.ActiveCfg = Release|Win32
		{5A414A6B-DC24-49DC-ACF7-F13BBFCB7D8C}.Release|x86.Build.0 = Release|Win32
		{930494C2-D068-4763-9BC4-51F3AAC5A492}.Debug|x64.ActiveCfg = Debug|x64
		{930494C2-D068-4763-9BC4-51F3AAC5A492}.Debug|x64.Build.0 = Debug|x64
		{930494C2-D068-4763-9BC4-51F3AAC5A492}.Debug|x86.ActiveCfg = Debug|Win32
		{930494C2-D068-4763-9BC4-51F3AAC5A492}.Debug|x86.Build.0 = Debug|Win32
		{930494C2-D068-4763-9BC4-51F3AAC5A492}.Release|x64.ActiveCfg = Release|x64
		{930494C2-D068-4763-9BC4-51F3AAC5A492}.Release|x64.Build.0 = Release|x64
		{930494C2-D068-4763-9BC4-51F3AAC5A492}.Release|x86.ActiveCfg = Release|Win32
		{930494C2-D068-4763-9BC4-51F3AAC5A492}.Release|x86.Build.0 = Release|Win32
		{67B1CB8D-DEBB-476A-BB9E-BC812496E74F}.Debug|x64.ActiveCfg = Debug|x64
		{67B1CB8D-DEBB-476A-BB9E-BC812496E74F}.Debug|x64.Build.0 = Debug|x64
		{67B1CB8D-DEBB-476A-BB9E-BC812496E74F}.Debug|x86.ActiveCfg = Debug|Win32
		{67B1CB8D-DEBB-476A-BB9E-BC812496E74F}.Debug|x86.Build.0 = Debug|Win32
		{67B1CB8D-DEBB-476A-BB9E-BC812496E74F}.Release|x64.ActiveCfg = Release|x64
		{67B1CB8D-DEBB-476A-BB9E-BC812496E74F}.Release|x64.Build.0 = Release|x64
		{67B1CB8D-DEBB-476A-BB9E-BC812496E74F}.Release|x86.ActiveCfg = Release|Win32
		{67B1CB8D-DEBB-476A-BB9E-BC812496E74F}.Release|x86.Build.0 = Release|Win32
		{E7C3ABA0-3369-4AA4-93B1-ED4A0AF10169}.Debug|x64.ActiveCfg = Debug|x64
		{E7C3ABA0-3369-4AA4-93B1-ED4A0AF10169}.Debug|x64.Build.0 = Debug|x64
		{E7C3ABA0-3369-4AA4-93B1-ED4A0AF10169}.Debug|x86.ActiveCfg = Debug|Win32
		{E7C3ABA0-3369-4AA4-93B1-ED4A0AF10169}.Debug|x86.Build.0 = Debug|Win32
		{E7C3ABA0-3369-4AA4-93B1-ED4A0AF10169}.Release|x64.ActiveCfg = Release|x64
		{E7C3ABA0-3369-4AA4-93B1-ED4A0AF10169}.Release|x64.Build.0 = Release|x64
		{E7C3ABA0-3369-4AA4-93B1-ED4A0AF10169}.Release|x86.ActiveCfg = Release|Win32
		{E7C3ABA0-3369-4AA4-93B1-ED4A0AF10169}.Release|x86.Build.0 = Release|Win32
	EndGlobalSection
	GlobalSection(SolutionProperties) = preSolution
		HideSolutionNode = FALSE
	EndGlobalSection
	GlobalSection(ExtensibilityGlobals) = postSolution
		SolutionGuid = {D2A78885-37F7-4440-A04B-8631876A5060}
	EndGlobalSection
EndGlobal
