<?xml version="1.0" encoding="utf-8"?>
<Project ToolsVersion="4.0" xmlns="http://schemas.microsoft.com/developer/msbuild/2003">
  <ItemGroup>
    <Filter Include="源文件">
      <UniqueIdentifier>{4FC737F1-C7A5-4376-A066-2A32D752A2FF}</UniqueIdentifier>
      <Extensions>cpp;c;cc;cxx;def;odl;idl;hpj;bat;asm;asmx</Extensions>
    </Filter>
    <Filter Include="头文件">
      <UniqueIdentifier>{93995380-89BD-4b04-88EB-625FBE52EBFB}</UniqueIdentifier>
      <Extensions>h;hh;hpp;hxx;hm;inl;inc;ipp;xsd</Extensions>
    </Filter>
    <Filter Include="资源文件">
      <UniqueIdentifier>{67DA6AB6-F800-4c08-8B7A-83BB121AAD01}</UniqueIdentifier>
      <Extensions>rc;ico;cur;bmp;dlg;rc2;rct;bin;rgs;gif;jpg;jpeg;jpe;resx;tiff;tif;png;wav;mfcribbon-ms</Extensions>
    </Filter>
    <Filter Include="基础技术">
      <UniqueIdentifier>{fafec9be-1cbb-4706-abe1-8f9361736482}</UniqueIdentifier>
    </Filter>
    <Filter Include="注入技术">
      <UniqueIdentifier>{3fabd021-e85e-45fa-bfd6-0d6fbc694ec1}</UniqueIdentifier>
    </Filter>
    <Filter Include="主界面">
      <UniqueIdentifier>{d85c972e-d5f7-4d68-8304-13154d4d5aba}</UniqueIdentifier>
    </Filter>
    <Filter Include="启动技术">
      <UniqueIdentifier>{1df62e96-606f-4b04-bb75-dfe93b16d7fc}</UniqueIdentifier>
    </Filter>
    <Filter Include="自启动技术">
      <UniqueIdentifier>{600c4e75-1e87-4045-b2a1-50875ff06633}</UniqueIdentifier>
    </Filter>
  </ItemGroup>
  <ItemGroup>
    <ClInclude Include="HackTool.h">
      <Filter>头文件</Filter>
    </ClInclude>
    <ClInclude Include="framework.h">
      <Filter>头文件</Filter>
    </ClInclude>
    <ClInclude Include="targetver.h">
      <Filter>头文件</Filter>
    </ClInclude>
    <ClInclude Include="Resource.h">
      <Filter>头文件</Filter>
    </ClInclude>
    <ClInclude Include="pch.h">
      <Filter>头文件</Filter>
    </ClInclude>
    <ClInclude Include="CBasicsDlg.h">
      <Filter>基础技术</Filter>
    </ClInclude>
    <ClInclude Include="CInjectDlg.h">
      <Filter>注入技术</Filter>
    </ClInclude>
    <ClInclude Include="HackToolDlg.h">
      <Filter>主界面</Filter>
    </ClInclude>
    <ClInclude Include="CStartDlg.h">
      <Filter>启动技术</Filter>
    </ClInclude>
    <ClInclude Include="CStartSelfDlg.h">
      <Filter>自启动技术</Filter>
    </ClInclude>
    <ClInclude Include="CMyTaskSchedule.h">
      <Filter>头文件</Filter>
    </ClInclude>
  </ItemGroup>
  <ItemGroup>
    <ClCompile Include="HackTool.cpp">
      <Filter>源文件</Filter>
    </ClCompile>
    <ClCompile Include="pch.cpp">
      <Filter>源文件</Filter>
    </ClCompile>
    <ClCompile Include="CBasicsDlg.cpp">
      <Filter>基础技术</Filter>
    </ClCompile>
    <ClCompile Include="CInjectDlg.cpp">
      <Filter>注入技术</Filter>
    </ClCompile>
    <ClCompile Include="HackToolDlg.cpp">
      <Filter>主界面</Filter>
    </ClCompile>
    <ClCompile Include="CStartDlg.cpp">
      <Filter>启动技术</Filter>
    </ClCompile>
    <ClCompile Include="CStartSelfDlg.cpp">
      <Filter>自启动技术</Filter>
    </ClCompile>
    <ClCompile Include="CMyTaskSchedule.cpp">
      <Filter>源文件</Filter>
    </ClCompile>
  </ItemGroup>
  <ItemGroup>
    <ResourceCompile Include="HackTool.rc">
      <Filter>资源文件</Filter>
    </ResourceCompile>
  </ItemGroup>
  <ItemGroup>
    <None Include="res\HackTool.rc2">
      <Filter>资源文件</Filter>
    </None>
    <None Include="res\myres1.bin">
      <Filter>资源文件</Filter>
    </None>
    <None Include="..\Release\MyHookDll.dll" />
    <None Include="..\Release\RemoteThreadDll.dll" />
    <None Include="..\Release\calc.exe" />
    <None Include="D:\备份文件\1\Project1\Debug\Project1.exe" />
    <None Include="D:\Peid加强版\PEiD.exe" />
    <None Include="D:\备份文件\1\Project1\Release\Project1.exe" />
  </ItemGroup>
  <ItemGroup>
    <Image Include="res\HackTool.ico">
      <Filter>资源文件</Filter>
    </Image>
  </ItemGroup>
</Project>